
Microsoft Visual Studio Solution File, Format Version 12.00
# Visual Studio Version 16
VisualStudioVersion = 16.0.31424.327
MinimumVisualStudioVersion = 10.0.40219.1
Project("{FAE04EC0-301F-11D3-BF4B-00C04F79EFBC}") = "AutenticacaoAspNetMvc", "AutenticacaoAspNetMvc\AutenticacaoAspNetMvc.csproj", "{5E0385E2-0EA6-49C6-874F-1F396E8E55F6}"
EndProject
Global
	GlobalSection(SolutionConfigurationPlatforms) = preSolution
		Debug|Any CPU = Debug|Any CPU
		Release|Any CPU = Release|Any CPU
	EndGlobalSection
	GlobalSection(ProjectConfigurationPlatforms) = postSolution
		{5E0385E2-0EA6-49C6-874F-1F396E8E55F6}.Debug|Any CPU.ActiveCfg = Debug|Any CPU
		{5E0385E2-0EA6-49C6-874F-1F396E8E55F6}.Debug|Any CPU.Build.0 = Debug|Any CPU
		{5E0385E2-0EA6-49C6-874F-1F396E8E55F6}.Release|Any CPU.ActiveCfg = Release|Any CPU
		{5E0385E2-0EA6-49C6-874F-1F396E8E55F6}.Release|Any CPU.Build.0 = Release|Any CPU
	EndGlobalSection
	GlobalSection(SolutionProperties) = preSolution
		HideSolutionNode = FALSE
	EndGlobalSection
	GlobalSection(ExtensibilityGlobals) = postSolution
		SolutionGuid = {A6FF1941-F63B-432D-A04A-B389157B0AA3}
	EndGlobalSection
EndGlobal
